
Microsoft Visual Studio Solution File, Format Version 12.00
# Visual Studio Version 17
VisualStudioVersion = 17.0.31903.59
MinimumVisualStudioVersion = 10.0.40219.1
Project("{2150E333-8FDC-42A3-9474-1A3956D46DE8}") = "src", "src", "{1B0CC631-DA79-48CC-8546-E6593E03AE2E}"
EndProject
Project("{9A19103F-16F7-4668-BE54-9A1E7A4F7556}") = "WikiQuizGenerator.LLM", "src\WikiQuizGenerator.LLM\WikiQuizGenerator.LLM.csproj", "{E5B73A01-0ABE-4419-9B65-97AE38A372DF}"
EndProject
Project("{9A19103F-16F7-4668-BE54-9A1E7A4F7556}") = "WikiQuizGenerator.Data", "src\WikiQuizGenerator.Data\WikiQuizGenerator.Data.csproj", "{17D5559D-D1FB-4246-89B3-CCFDD249E435}"
EndProject
Project("{9A19103F-16F7-4668-BE54-9A1E7A4F7556}") = "WikiQuizGenerator.Core", "src\WikiQuizGenerator.Core\WikiQuizGenerator.Core.csproj", "{BCBF04F3-C17B-47E4-B841-AEB7E0923552}"
EndProject
Project("{9A19103F-16F7-4668-BE54-9A1E7A4F7556}") = "WikiQuizGenerator.Api", "src\WikiQuizGenerator.Api\WikiQuizGenerator.Api.csproj", "{97A6B757-608B-4325-B2C0-6C689D63037A}"
EndProject
Project("{2150E333-8FDC-42A3-9474-1A3956D46DE8}") = "tests", "tests", "{5481E23F-4A0B-4A0B-BCAD-E597DD55F331}"
EndProject
Project("{9A19103F-16F7-4668-BE54-9A1E7A4F7556}") = "WikiQuizGenerator.Data.Tests", "tests\WikiQuizGenerator.Data.Tests\WikiQuizGenerator.Data.Tests.csproj", "{C559FC54-0735-4DED-86E8-9E330DCE30D8}"
EndProject
Project("{9A19103F-16F7-4668-BE54-9A1E7A4F7556}") = "WikiQuizGenerator.Core.Tests", "tests\WikiQuizGenerator.Core.Tests\WikiQuizGenerator.Core.Tests.csproj", "{361B93AD-A5B1-44B9-B757-5A8A4AE43045}"
EndProject
Project("{E53339B2-1760-4266-BCC7-CA923CBCF16C}") = "docker-compose", "docker-compose.dcproj", "{16D233A0-92B3-4174-A4F0-AC69676F2A45}"
EndProject
Project("{2150E333-8FDC-42A3-9474-1A3956D46DE8}") = "infra", "infra", "{30258541-D0D8-F3FD-D559-E63D6BF074C2}"
EndProject
Project("{FAE04EC0-301F-11D3-BF4B-00C04F79EFBC}") = "WikiQuizGenerator.Pulumi.Azure", "infra\WikiQuizGenerator.Pulumi.Azure\WikiQuizGenerator.Pulumi.Azure.csproj", "{0565733E-AE4F-4571-915C-39A6C9DDE05B}"
EndProjects
Global
	GlobalSection(SolutionConfigurationPlatforms) = preSolution
		Debug|Any CPU = Debug|Any CPU
		Debug|x64 = Debug|x64
		Debug|x86 = Debug|x86
		Release|Any CPU = Release|Any CPU
		Release|x64 = Release|x64
		Release|x86 = Release|x86
	EndGlobalSection
	GlobalSection(ProjectConfigurationPlatforms) = postSolution
		{E5B73A01-0ABE-4419-9B65-97AE38A372DF}.Debug|Any CPU.ActiveCfg = Debug|Any CPU
		{E5B73A01-0ABE-4419-9B65-97AE38A372DF}.Debug|Any CPU.Build.0 = Debug|Any CPU
		{E5B73A01-0ABE-4419-9B65-97AE38A372DF}.Debug|x64.ActiveCfg = Debug|Any CPU
		{E5B73A01-0ABE-4419-9B65-97AE38A372DF}.Debug|x64.Build.0 = Debug|Any CPU
		{E5B73A01-0ABE-4419-9B65-97AE38A372DF}.Debug|x86.ActiveCfg = Debug|Any CPU
		{E5B73A01-0ABE-4419-9B65-97AE38A372DF}.Debug|x86.Build.0 = Debug|Any CPU
		{E5B73A01-0ABE-4419-9B65-97AE38A372DF}.Release|Any CPU.ActiveCfg = Release|Any CPU
		{E5B73A01-0ABE-4419-9B65-97AE38A372DF}.Release|Any CPU.Build.0 = Release|Any CPU
		{E5B73A01-0ABE-4419-9B65-97AE38A372DF}.Release|x64.ActiveCfg = Release|Any CPU
		{E5B73A01-0ABE-4419-9B65-97AE38A372DF}.Release|x64.Build.0 = Release|Any CPU
		{E5B73A01-0ABE-4419-9B65-97AE38A372DF}.Release|x86.ActiveCfg = Release|Any CPU
		{E5B73A01-0ABE-4419-9B65-97AE38A372DF}.Release|x86.Build.0 = Release|Any CPU
		{17D5559D-D1FB-4246-89B3-CCFDD249E435}.Debug|Any CPU.ActiveCfg = Debug|Any CPU
		{17D5559D-D1FB-4246-89B3-CCFDD249E435}.Debug|Any CPU.Build.0 = Debug|Any CPU
		{17D5559D-D1FB-4246-89B3-CCFDD249E435}.Debug|x64.ActiveCfg = Debug|Any CPU
		{17D5559D-D1FB-4246-89B3-CCFDD249E435}.Debug|x64.Build.0 = Debug|Any CPU
		{17D5559D-D1FB-4246-89B3-CCFDD249E435}.Debug|x86.ActiveCfg = Debug|Any CPU
		{17D5559D-D1FB-4246-89B3-CCFDD249E435}.Debug|x86.Build.0 = Debug|Any CPU
		{17D5559D-D1FB-4246-89B3-CCFDD249E435}.Release|Any CPU.ActiveCfg = Release|Any CPU
		{17D5559D-D1FB-4246-89B3-CCFDD249E435}.Release|Any CPU.Build.0 = Release|Any CPU
		{17D5559D-D1FB-4246-89B3-CCFDD249E435}.Release|x64.ActiveCfg = Release|Any CPU
		{17D5559D-D1FB-4246-89B3-CCFDD249E435}.Release|x64.Build.0 = Release|Any CPU
		{17D5559D-D1FB-4246-89B3-CCFDD249E435}.Release|x86.ActiveCfg = Release|Any CPU
		{17D5559D-D1FB-4246-89B3-CCFDD249E435}.Release|x86.Build.0 = Release|Any CPU
		{BCBF04F3-C17B-47E4-B841-AEB7E0923552}.Debug|Any CPU.ActiveCfg = Debug|Any CPU
		{BCBF04F3-C17B-47E4-B841-AEB7E0923552}.Debug|Any CPU.Build.0 = Debug|Any CPU
		{BCBF04F3-C17B-47E4-B841-AEB7E0923552}.Debug|x64.ActiveCfg = Debug|Any CPU
		{BCBF04F3-C17B-47E4-B841-AEB7E0923552}.Debug|x64.Build.0 = Debug|Any CPU
		{BCBF04F3-C17B-47E4-B841-AEB7E0923552}.Debug|x86.ActiveCfg = Debug|Any CPU
		{BCBF04F3-C17B-47E4-B841-AEB7E0923552}.Debug|x86.Build.0 = Debug|Any CPU
		{BCBF04F3-C17B-47E4-B841-AEB7E0923552}.Release|Any CPU.ActiveCfg = Release|Any CPU
		{BCBF04F3-C17B-47E4-B841-AEB7E0923552}.Release|Any CPU.Build.0 = Release|Any CPU
		{BCBF04F3-C17B-47E4-B841-AEB7E0923552}.Release|x64.ActiveCfg = Release|Any CPU
		{BCBF04F3-C17B-47E4-B841-AEB7E0923552}.Release|x64.Build.0 = Release|Any CPU
		{BCBF04F3-C17B-47E4-B841-AEB7E0923552}.Release|x86.ActiveCfg = Release|Any CPU
		{BCBF04F3-C17B-47E4-B841-AEB7E0923552}.Release|x86.Build.0 = Release|Any CPU
		{97A6B757-608B-4325-B2C0-6C689D63037A}.Debug|Any CPU.ActiveCfg = Debug|Any CPU
		{97A6B757-608B-4325-B2C0-6C689D63037A}.Debug|Any CPU.Build.0 = Debug|Any CPU
		{97A6B757-608B-4325-B2C0-6C689D63037A}.Debug|x64.ActiveCfg = Debug|Any CPU
		{97A6B757-608B-4325-B2C0-6C689D63037A}.Debug|x64.Build.0 = Debug|Any CPU
		{97A6B757-608B-4325-B2C0-6C689D63037A}.Debug|x86.ActiveCfg = Debug|Any CPU
		{97A6B757-608B-4325-B2C0-6C689D63037A}.Debug|x86.Build.0 = Debug|Any CPU
		{97A6B757-608B-4325-B2C0-6C689D63037A}.Release|Any CPU.ActiveCfg = Release|Any CPU
		{97A6B757-608B-4325-B2C0-6C689D63037A}.Release|Any CPU.Build.0 = Release|Any CPU
		{97A6B757-608B-4325-B2C0-6C689D63037A}.Release|x64.ActiveCfg = Release|Any CPU
		{97A6B757-608B-4325-B2C0-6C689D63037A}.Release|x64.Build.0 = Release|Any CPU
		{97A6B757-608B-4325-B2C0-6C689D63037A}.Release|x86.ActiveCfg = Release|Any CPU
		{97A6B757-608B-4325-B2C0-6C689D63037A}.Release|x86.Build.0 = Release|Any CPU
		{C559FC54-0735-4DED-86E8-9E330DCE30D8}.Debug|Any CPU.ActiveCfg = Debug|Any CPU
		{C559FC54-0735-4DED-86E8-9E330DCE30D8}.Debug|Any CPU.Build.0 = Debug|Any CPU
		{C559FC54-0735-4DED-86E8-9E330DCE30D8}.Debug|x64.ActiveCfg = Debug|Any CPU
		{C559FC54-0735-4DED-86E8-9E330DCE30D8}.Debug|x64.Build.0 = Debug|Any CPU
		{C559FC54-0735-4DED-86E8-9E330DCE30D8}.Debug|x86.ActiveCfg = Debug|Any CPU
		{C559FC54-0735-4DED-86E8-9E330DCE30D8}.Debug|x86.Build.0 = Debug|Any CPU
		{C559FC54-0735-4DED-86E8-9E330DCE30D8}.Release|Any CPU.ActiveCfg = Release|Any CPU
		{C559FC54-0735-4DED-86E8-9E330DCE30D8}.Release|Any CPU.Build.0 = Release|Any CPU
		{C559FC54-0735-4DED-86E8-9E330DCE30D8}.Release|x64.ActiveCfg = Release|Any CPU
		{C559FC54-0735-4DED-86E8-9E330DCE30D8}.Release|x64.Build.0 = Release|Any CPU
		{C559FC54-0735-4DED-86E8-9E330DCE30D8}.Release|x86.ActiveCfg = Release|Any CPU
		{C559FC54-0735-4DED-86E8-9E330DCE30D8}.Release|x86.Build.0 = Release|Any CPU
		{361B93AD-A5B1-44B9-B757-5A8A4AE43045}.Debug|Any CPU.ActiveCfg = Debug|Any CPU
		{361B93AD-A5B1-44B9-B757-5A8A4AE43045}.Debug|Any CPU.Build.0 = Debug|Any CPU
		{361B93AD-A5B1-44B9-B757-5A8A4AE43045}.Debug|x64.ActiveCfg = Debug|Any CPU
		{361B93AD-A5B1-44B9-B757-5A8A4AE43045}.Debug|x64.Build.0 = Debug|Any CPU
		{361B93AD-A5B1-44B9-B757-5A8A4AE43045}.Debug|x86.ActiveCfg = Debug|Any CPU
		{361B93AD-A5B1-44B9-B757-5A8A4AE43045}.Debug|x86.Build.0 = Debug|Any CPU
		{361B93AD-A5B1-44B9-B757-5A8A4AE43045}.Release|Any CPU.ActiveCfg = Release|Any CPU
		{361B93AD-A5B1-44B9-B757-5A8A4AE43045}.Release|Any CPU.Build.0 = Release|Any CPU
		{361B93AD-A5B1-44B9-B757-5A8A4AE43045}.Release|x64.ActiveCfg = Release|Any CPU
		{361B93AD-A5B1-44B9-B757-5A8A4AE43045}.Release|x64.Build.0 = Release|Any CPU
		{361B93AD-A5B1-44B9-B757-5A8A4AE43045}.Release|x86.ActiveCfg = Release|Any CPU
		{361B93AD-A5B1-44B9-B757-5A8A4AE43045}.Release|x86.Build.0 = Release|Any CPU
		{16D233A0-92B3-4174-A4F0-AC69676F2A45}.Debug|Any CPU.ActiveCfg = Debug|Any CPU
		{16D233A0-92B3-4174-A4F0-AC69676F2A45}.Debug|Any CPU.Build.0 = Debug|Any CPU
		{16D233A0-92B3-4174-A4F0-AC69676F2A45}.Debug|x64.ActiveCfg = Debug|x64
		{16D233A0-92B3-4174-A4F0-AC69676F2A45}.Debug|x86.ActiveCfg = Debug|x86
		{16D233A0-92B3-4174-A4F0-AC69676F2A45}.Release|Any CPU.ActiveCfg = Release|Any CPU
		{16D233A0-92B3-4174-A4F0-AC69676F2A45}.Release|Any CPU.Build.0 = Release|Any CPU
		{16D233A0-92B3-4174-A4F0-AC69676F2A45}.Release|x64.ActiveCfg = Release|x64
		{16D233A0-92B3-4174-A4F0-AC69676F2A45}.Release|x86.ActiveCfg = Release|x86
		{0565733E-AE4F-4571-915C-39A6C9DDE05B}.Debug|Any CPU.ActiveCfg = Debug|Any CPU
		{0565733E-AE4F-4571-915C-39A6C9DDE05B}.Debug|Any CPU.Build.0 = Debug|Any CPU
		{0565733E-AE4F-4571-915C-39A6C9DDE05B}.Debug|x64.ActiveCfg = Debug|Any CPU
		{0565733E-AE4F-4571-915C-39A6C9DDE05B}.Debug|x64.Build.0 = Debug|Any CPU
		{0565733E-AE4F-4571-915C-39A6C9DDE05B}.Debug|x86.ActiveCfg = Debug|Any CPU
		{0565733E-AE4F-4571-915C-39A6C9DDE05B}.Debug|x86.Build.0 = Debug|Any CPU
		{0565733E-AE4F-4571-915C-39A6C9DDE05B}.Release|Any CPU.ActiveCfg = Release|Any CPU
		{0565733E-AE4F-4571-915C-39A6C9DDE05B}.Release|Any CPU.Build.0 = Release|Any CPU
		{0565733E-AE4F-4571-915C-39A6C9DDE05B}.Release|x64.ActiveCfg = Release|Any CPU
		{0565733E-AE4F-4571-915C-39A6C9DDE05B}.Release|x64.Build.0 = Release|Any CPU
		{0565733E-AE4F-4571-915C-39A6C9DDE05B}.Release|x86.ActiveCfg = Release|Any CPU
		{0565733E-AE4F-4571-915C-39A6C9DDE05B}.Release|x86.Build.0 = Release|Any CPU
	EndGlobalSection
	GlobalSection(SolutionProperties) = preSolution
		HideSolutionNode = FALSE
	EndGlobalSection
	GlobalSection(NestedProjects) = preSolution
		{E5B73A01-0ABE-4419-9B65-97AE38A372DF} = {1B0CC631-DA79-48CC-8546-E6593E03AE2E}
		{17D5559D-D1FB-4246-89B3-CCFDD249E435} = {1B0CC631-DA79-48CC-8546-E6593E03AE2E}
		{BCBF04F3-C17B-47E4-B841-AEB7E0923552} = {1B0CC631-DA79-48CC-8546-E6593E03AE2E}
		{97A6B757-608B-4325-B2C0-6C689D63037A} = {1B0CC631-DA79-48CC-8546-E6593E03AE2E}
		{C559FC54-0735-4DED-86E8-9E330DCE30D8} = {5481E23F-4A0B-4A0B-BCAD-E597DD55F331}
		{361B93AD-A5B1-44B9-B757-5A8A4AE43045} = {5481E23F-4A0B-4A0B-BCAD-E597DD55F331}
		{0565733E-AE4F-4571-915C-39A6C9DDE05B} = {30258541-D0D8-F3FD-D559-E63D6BF074C2}
	EndGlobalSection
	GlobalSection(ExtensibilityGlobals) = postSolution
		SolutionGuid = {365A3C05-9AB4-4C76-8764-9E87CF488311}
	EndGlobalSection
EndGlobal
